
Microsoft Visual Studio Solution File, Format Version 12.00
# Visual Studio 2013
VisualStudioVersion = 12.0.40629.0
MinimumVisualStudioVersion = 10.0.40219.1
Project("{FAE04EC0-301F-11D3-BF4B-00C04F79EFBC}") = "CrazyMelvinsShoppingEmporiumRESTfulService", "CrazyMelvinsShoppingEmporiumRESTfulService\CrazyMelvinsShoppingEmporiumRESTfulService.csproj", "{58215090-2BF5-44EA-9B2E-95ED475065DF}"
EndProject
Project("{FAE04EC0-301F-11D3-BF4B-00C04F79EFBC}") = "Service_API", "Service_API\Service_API.csproj", "{5A19F2B7-45B5-403A-A13D-D2796A90F840}"
EndProject
Project("{FAE04EC0-301F-11D3-BF4B-00C04F79EFBC}") = "SOA-A04-Website", "SOA-A04-Website\SOA-A04-Website.csproj", "{1F542AB5-8AF3-41AC-9887-D1E566915ED5}"
EndProject
Project("{FAE04EC0-301F-11D3-BF4B-00C04F79EFBC}") = "CrazyMelvinsShoppingEmporiumRESTfulService.Tests", "CrazyMelvinsShoppingEmporiumRESTfulService.Tests\CrazyMelvinsShoppingEmporiumRESTfulService.Tests.csproj", "{49FA3C72-A782-429A-A5AA-ACCBBF36AF0B}"
EndProject
Global
	GlobalSection(SolutionConfigurationPlatforms) = preSolution
		Debug|Any CPU = Debug|Any CPU
		Release|Any CPU = Release|Any CPU
	EndGlobalSection
	GlobalSection(ProjectConfigurationPlatforms) = postSolution
		{58215090-2BF5-44EA-9B2E-95ED475065DF}.Debug|Any CPU.ActiveCfg = Debug|Any CPU
		{58215090-2BF5-44EA-9B2E-95ED475065DF}.Debug|Any CPU.Build.0 = Debug|Any CPU
		{58215090-2BF5-44EA-9B2E-95ED475065DF}.Release|Any CPU.ActiveCfg = Release|Any CPU
		{58215090-2BF5-44EA-9B2E-95ED475065DF}.Release|Any CPU.Build.0 = Release|Any CPU
		{5A19F2B7-45B5-403A-A13D-D2796A90F840}.Debug|Any CPU.ActiveCfg = Debug|Any CPU
		{5A19F2B7-45B5-403A-A13D-D2796A90F840}.Debug|Any CPU.Build.0 = Debug|Any CPU
		{5A19F2B7-45B5-403A-A13D-D2796A90F840}.Release|Any CPU.ActiveCfg = Release|Any CPU
		{5A19F2B7-45B5-403A-A13D-D2796A90F840}.Release|Any CPU.Build.0 = Release|Any CPU
		{1F542AB5-8AF3-41AC-9887-D1E566915ED5}.Debug|Any CPU.ActiveCfg = Debug|Any CPU
		{1F542AB5-8AF3-41AC-9887-D1E566915ED5}.Debug|Any CPU.Build.0 = Debug|Any CPU
		{1F542AB5-8AF3-41AC-9887-D1E566915ED5}.Release|Any CPU.ActiveCfg = Release|Any CPU
		{1F542AB5-8AF3-41AC-9887-D1E566915ED5}.Release|Any CPU.Build.0 = Release|Any CPU
		{49FA3C72-A782-429A-A5AA-ACCBBF36AF0B}.Debug|Any CPU.ActiveCfg = Debug|Any CPU
		{49FA3C72-A782-429A-A5AA-ACCBBF36AF0B}.Debug|Any CPU.Build.0 = Debug|Any CPU
		{49FA3C72-A782-429A-A5AA-ACCBBF36AF0B}.Release|Any CPU.ActiveCfg = Release|Any CPU
		{49FA3C72-A782-429A-A5AA-ACCBBF36AF0B}.Release|Any CPU.Build.0 = Release|Any CPU
	EndGlobalSection
	GlobalSection(SolutionProperties) = preSolution
		HideSolutionNode = FALSE
	EndGlobalSection
EndGlobal
